
Microsoft Visual Studio Solution File, Format Version 12.00
Project("{FAE04EC0-301F-11D3-BF4B-00C04F79EFBC}") = "WorkPlanner", "WorkPlanner.csproj", "{3070202C-B7A8-4869-A179-E5A93C863BDD}"
EndProject
Global
	GlobalSection(SolutionConfigurationPlatforms) = preSolution
		Debug|Any CPU = Debug|Any CPU
		Release|Any CPU = Release|Any CPU
	EndGlobalSection
	GlobalSection(ProjectConfigurationPlatforms) = postSolution
		{3070202C-B7A8-4869-A179-E5A93C863BDD}.Debug|Any CPU.ActiveCfg = Debug|Any CPU
		{3070202C-B7A8-4869-A179-E5A93C863BDD}.Debug|Any CPU.Build.0 = Debug|Any CPU
		{3070202C-B7A8-4869-A179-E5A93C863BDD}.Release|Any CPU.ActiveCfg = Release|Any CPU
		{3070202C-B7A8-4869-A179-E5A93C863BDD}.Release|Any CPU.Build.0 = Release|Any CPU
	EndGlobalSection
EndGlobal
